
Microsoft Visual Studio Solution File, Format Version 12.00
# Visual Studio 15
VisualStudioVersion = 15.0.28307.489
MinimumVisualStudioVersion = 10.0.40219.1
Project("{6EC3EE1D-3C4E-46DD-8F32-0CC8E7565705}") = "RomanNumeralFSharp", "RomanNumeralFSharp\RomanNumeralFSharp.fsproj", "{9A78D412-B155-43C0-98AB-720F8687429D}"
EndProject
Project("{6EC3EE1D-3C4E-46DD-8F32-0CC8E7565705}") = "RomanNumeralTest", "RomanNumeralTest\RomanNumeralTest.fsproj", "{228D3171-2ABD-40E5-94B1-105835332CCE}"
EndProject
Global
	GlobalSection(SolutionConfigurationPlatforms) = preSolution
		Debug|Any CPU = Debug|Any CPU
		Release|Any CPU = Release|Any CPU
	EndGlobalSection
	GlobalSection(ProjectConfigurationPlatforms) = postSolution
		{9A78D412-B155-43C0-98AB-720F8687429D}.Debug|Any CPU.ActiveCfg = Debug|Any CPU
		{9A78D412-B155-43C0-98AB-720F8687429D}.Debug|Any CPU.Build.0 = Debug|Any CPU
		{9A78D412-B155-43C0-98AB-720F8687429D}.Release|Any CPU.ActiveCfg = Release|Any CPU
		{9A78D412-B155-43C0-98AB-720F8687429D}.Release|Any CPU.Build.0 = Release|Any CPU
		{228D3171-2ABD-40E5-94B1-105835332CCE}.Debug|Any CPU.ActiveCfg = Debug|Any CPU
		{228D3171-2ABD-40E5-94B1-105835332CCE}.Debug|Any CPU.Build.0 = Debug|Any CPU
		{228D3171-2ABD-40E5-94B1-105835332CCE}.Release|Any CPU.ActiveCfg = Release|Any CPU
		{228D3171-2ABD-40E5-94B1-105835332CCE}.Release|Any CPU.Build.0 = Release|Any CPU
	EndGlobalSection
	GlobalSection(SolutionProperties) = preSolution
		HideSolutionNode = FALSE
	EndGlobalSection
	GlobalSection(ExtensibilityGlobals) = postSolution
		SolutionGuid = {C3073923-38D2-42C8-B59A-2B824A7AA513}
	EndGlobalSection
EndGlobal
